
Microsoft Visual Studio Solution File, Format Version 12.00
# Visual Studio Version 16
VisualStudioVersion = 16.0.29709.97
MinimumVisualStudioVersion = 10.0.40219.1
Project("{FAE04EC0-301F-11D3-BF4B-00C04F79EFBC}") = "configurador_tlf_V2", "configurador_tlf_V2\configurador_tlf_V2.csproj", "{103AA9D1-BA92-4727-A9E3-55FF324F706E}"
EndProject
Global
	GlobalSection(SolutionConfigurationPlatforms) = preSolution
		Debug|Any CPU = Debug|Any CPU
		Release|Any CPU = Release|Any CPU
	EndGlobalSection
	GlobalSection(ProjectConfigurationPlatforms) = postSolution
		{103AA9D1-BA92-4727-A9E3-55FF324F706E}.Debug|Any CPU.ActiveCfg = Debug|Any CPU
		{103AA9D1-BA92-4727-A9E3-55FF324F706E}.Debug|Any CPU.Build.0 = Debug|Any CPU
		{103AA9D1-BA92-4727-A9E3-55FF324F706E}.Release|Any CPU.ActiveCfg = Release|Any CPU
		{103AA9D1-BA92-4727-A9E3-55FF324F706E}.Release|Any CPU.Build.0 = Release|Any CPU
	EndGlobalSection
	GlobalSection(SolutionProperties) = preSolution
		HideSolutionNode = FALSE
	EndGlobalSection
	GlobalSection(ExtensibilityGlobals) = postSolution
		SolutionGuid = {F3D30737-C415-44FC-A086-57F0A1651051}
	EndGlobalSection
EndGlobal
